
Microsoft Visual Studio Solution File, Format Version 12.00
# Visual Studio 15
VisualStudioVersion = 15.0.28307.1267
MinimumVisualStudioVersion = 10.0.40219.1
Project("{FAE04EC0-301F-11D3-BF4B-00C04F79EFBC}") = "WebApplicationMikhaylova", "WebApplicationMikhaylova\WebApplicationMikhaylova.csproj", "{2CBCD394-7DE2-407E-B7A6-0EE78088FD26}"
EndProject
Global
	GlobalSection(SolutionConfigurationPlatforms) = preSolution
		Debug|Any CPU = Debug|Any CPU
		Release|Any CPU = Release|Any CPU
	EndGlobalSection
	GlobalSection(ProjectConfigurationPlatforms) = postSolution
		{2CBCD394-7DE2-407E-B7A6-0EE78088FD26}.Debug|Any CPU.ActiveCfg = Debug|Any CPU
		{2CBCD394-7DE2-407E-B7A6-0EE78088FD26}.Debug|Any CPU.Build.0 = Debug|Any CPU
		{2CBCD394-7DE2-407E-B7A6-0EE78088FD26}.Release|Any CPU.ActiveCfg = Release|Any CPU
		{2CBCD394-7DE2-407E-B7A6-0EE78088FD26}.Release|Any CPU.Build.0 = Release|Any CPU
	EndGlobalSection
	GlobalSection(SolutionProperties) = preSolution
		HideSolutionNode = FALSE
	EndGlobalSection
	GlobalSection(ExtensibilityGlobals) = postSolution
		SolutionGuid = {CD63EF00-E216-4D78-8127-FFFB1F866796}
	EndGlobalSection
EndGlobal
